
Microsoft Visual Studio Solution File, Format Version 12.00
# Visual Studio Version 17
VisualStudioVersion = 17.6.33829.357
MinimumVisualStudioVersion = 10.0.40219.1
Project("{FAE04EC0-301F-11D3-BF4B-00C04F79EFBC}") = "BulkyBookWeb", "BulkyBookWeb\BulkyBookWeb.csproj", "{B17B8A1C-E4D9-4FC4-99A1-20FAEB8B7875}"
EndProject
Global
	GlobalSection(SolutionConfigurationPlatforms) = preSolution
		Debug|Any CPU = Debug|Any CPU
		Release|Any CPU = Release|Any CPU
	EndGlobalSection
	GlobalSection(ProjectConfigurationPlatforms) = postSolution
		{B17B8A1C-E4D9-4FC4-99A1-20FAEB8B7875}.Debug|Any CPU.ActiveCfg = Debug|Any CPU
		{B17B8A1C-E4D9-4FC4-99A1-20FAEB8B7875}.Debug|Any CPU.Build.0 = Debug|Any CPU
		{B17B8A1C-E4D9-4FC4-99A1-20FAEB8B7875}.Release|Any CPU.ActiveCfg = Release|Any CPU
		{B17B8A1C-E4D9-4FC4-99A1-20FAEB8B7875}.Release|Any CPU.Build.0 = Release|Any CPU
	EndGlobalSection
	GlobalSection(SolutionProperties) = preSolution
		HideSolutionNode = FALSE
	EndGlobalSection
	GlobalSection(ExtensibilityGlobals) = postSolution
		SolutionGuid = {BFE1AD9B-3F2B-41CB-BA28-902940779C79}
	EndGlobalSection
EndGlobal
